// !$*UTF8*$!
{
	archiveVersion = 1;
	classes = {
	};
	objectVersion = 46;
	objects = {

/* Begin PBXBuildFile section */
		63859C201BE893CF00367460 /* AppDelegate.swift in Sources */ = {isa = PBXBuildFile; fileRef = 63859C1F1BE893CF00367460 /* AppDelegate.swift */; };
		63859C221BE893CF00367460 /* ViewController.swift in Sources */ = {isa = PBXBuildFile; fileRef = 63859C211BE893CF00367460 /* ViewController.swift */; };
		63859C251BE893CF00367460 /* Main.storyboard in Resources */ = {isa = PBXBuildFile; fileRef = 63859C231BE893CF00367460 /* Main.storyboard */; };
		63859C271BE893CF00367460 /* Assets.xcassets in Resources */ = {isa = PBXBuildFile; fileRef = 63859C261BE893CF00367460 /* Assets.xcassets */; };
		63859C2A1BE893CF00367460 /* LaunchScreen.storyboard in Resources */ = {isa = PBXBuildFile; fileRef = 63859C281BE893CF00367460 /* LaunchScreen.storyboard */; };
/* End PBXBuildFile section */

/* Begin PBXFileReference section */
		63859C1C1BE893CF00367460 /* Protractor.app */ = {isa = PBXFileReference; explicitFileType = wrapper.application; includeInIndex = 0; path = Protractor.app; sourceTree = BUILT_PRODUCTS_DIR; };
		63859C1F1BE893CF00367460 /* AppDelegate.swift */ = {isa = PBXFileReference; lastKnownFileType = sourcecode.swift; path = AppDelegate.swift; sourceTree = "<group>"; };
		63859C211BE893CF00367460 /* ViewController.swift */ = {isa = PBXFileReference; lastKnownFileType = sourcecode.swift; path = ViewController.swift; sourceTree = "<group>"; };
		63859C241BE893CF00367460 /* Base */ = {isa = PBXFileReference; lastKnownFileType = file.storyboard; name = Base; path = Base.lproj/Main.storyboard; sourceTree = "<group>"; };
		63859C261BE893CF00367460 /* Assets.xcassets */ = {isa = PBXFileReference; lastKnownFileType = folder.assetcatalog; path = Assets.xcassets; sourceTree = "<group>"; };
		63859C291BE893CF00367460 /* Base */ = {isa = PBXFileReference; lastKnownFileType = file.storyboard; name = Base; path = Base.lproj/LaunchScreen.storyboard; sourceTree = "<group>"; };
		63859C2B1BE893CF00367460 /* Info.plist */ = {isa = PBXFileReference; lastKnownFileType = text.plist.xml; path = Info.plist; sourceTree = "<group>"; };
/* End PBXFileReference section */

/* Begin PBXFrameworksBuildPhase section */
		63859C191BE893CF00367460 /* Frameworks */ = {
			isa = PBXFrameworksBuildPhase;
			buildActionMask = 2147483647;
			files = (
			);
			runOnlyForDeploymentPostprocessing = 0;
		};
/* End PBXFrameworksBuildPhase section */

/* Begin PBXGroup section */
		63859C131BE893CF00367460 = {
			isa = PBXGroup;
			children = (
				63859C1E1BE893CF00367460 /* Protractor */,
				63859C1D1BE893CF00367460 /* Products */,
			);
			sourceTree = "<group>";
		};
		63859C1D1BE893CF00367460 /* Products */ = {
			isa = PBXGroup;
			children = (
				63859C1C1BE893CF00367460 /* Protractor.app */,
			);
			name = Products;
			sourceTree = "<group>";
		};
		63859C1E1BE893CF00367460 /* Protractor */ = {
			isa = PBXGroup;
			children = (
				63859C1F1BE893CF00367460 /* AppDelegate.swift */,
				63859C211BE893CF00367460 /* ViewController.swift */,
				63859C231BE893CF00367460 /* Main.storyboard */,
				63859C261BE893CF00367460 /* Assets.xcassets */,
				63859C281BE893CF00367460 /* LaunchScreen.storyboard */,
				63859C2B1BE893CF00367460 /* Info.plist */,
			);
			path = Protractor;
			sourceTree = "<group>";
		};
/* End PBXGroup section */

/* Begin PBXNativeTarget section */
		63859C1B1BE893CF00367460 /* Protractor */ = {
			isa = PBXNativeTarget;
			buildConfigurationList = 63859C2E1BE893CF00367460 /* Build configuration list for PBXNativeTarget "Protractor" */;
			buildPhases = (
				63859C181BE893CF00367460 /* Sources */,
				63859C191BE893CF00367460 /* Frameworks */,
				63859C1A1BE893CF00367460 /* Resources */,
			);
			buildRules = (
			);
			dependencies = (
			);
			name = Protractor;
			productName = Protractor;
			productReference = 63859C1C1BE893CF00367460 /* Protractor.app */;
			productType = "com.apple.product-type.application";
		};
/* End PBXNativeTarget section */

/* Begin PBXProject section */
		63859C141BE893CF00367460 /* Project object */ = {
			isa = PBXProject;
			attributes = {
				LastSwiftUpdateCheck = 0710;
				LastUpgradeCheck = 0710;
				ORGANIZATIONNAME = "Peter Pomlett";
				TargetAttributes = {
					63859C1B1BE893CF00367460 = {
						CreatedOnToolsVersion = 7.1;
					};
				};
			};
			buildConfigurationList = 63859C171BE893CF00367460 /* Build configuration list for PBXProject "Protractor" */;
			compatibilityVersion = "Xcode 3.2";
			developmentRegion = English;
			hasScannedForEncodings = 0;
			knownRegions = (
				en,
				Base,
			);
			mainGroup = 63859C131BE893CF00367460;
			productRefGroup = 63859C1D1BE893CF00367460 /* Products */;
			projectDirPath = "";
			projectRoot = "";
			targets = (
				63859C1B1BE893CF00367460 /* Protractor */,
			);
		};
/* End PBXProject section */

/* Begin PBXResourcesBuildPhase section */
		63859C1A1BE893CF00367460 /* Resources */ = {
			isa = PBXResourcesBuildPhase;
			buildActionMask = 2147483647;
			files = (
				63859C2A1BE893CF00367460 /* LaunchScreen.storyboard in Resources */,
				63859C271BE893CF00367460 /* Assets.xcassets in Resources */,
				63859C251BE893CF00367460 /* Main.storyboard in Resources */,
			);
			runOnlyForDeploymentPostprocessing = 0;
		};
/* End PBXResourcesBuildPhase section */

/* Begin PBXSourcesBuildPhase section */
		63859C181BE893CF00367460 /* Sources */ = {
			isa = PBXSourcesBuildPhase;
			buildActionMask = 2147483647;
			files = (
				63859C221BE893CF00367460 /* ViewController.swift in Sources */,
				63859C201BE893CF00367460 /* AppDelegate.swift in Sources */,
			);
			runOnlyForDeploymentPostprocessing = 0;
		};
/* End PBXSourcesBuildPhase section */

/* Begin PBXVariantGroup section */
		63859C231BE893CF00367460 /* Main.storyboard */ = {
			isa = PBXVariantGroup;
			children = (
				63859C241BE893CF00367460 /* Base */,
			);
			name = Main.storyboard;
			sourceTree = "<group>";
		};
		63859C281BE893CF00367460 /* LaunchScreen.storyboard */ = {
			isa = PBXVariantGroup;
			children = (
				63859C291BE893CF00367460 /* Base */,
			);
			name = LaunchScreen.storyboard;
			sourceTree = "<group>";
		};
/* End PBXVariantGroup section */

/* Begin XCBuildConfiguration section */
		63859C2C1BE893CF00367460 /* Debug */ = {
			isa = XCBuildConfiguration;
			buildSettings = {
				ALWAYS_SEARCH_USER_PATHS = NO;
				CLANG_CXX_LANGUAGE_STANDARD = "gnu++0x";
				CLANG_CXX_LIBRARY = "libc++";
				CLANG_ENABLE_MODULES = YES;
				CLANG_ENABLE_OBJC_ARC = YES;
				CLANG_WARN_BOOL_CONVERSION = YES;
				CLANG_WARN_CONSTANT_CONVERSION = YES;
				CLANG_WARN_DIRECT_OBJC_ISA_USAGE = YES_ERROR;
				CLANG_WARN_EMPTY_BODY = YES;
				CLANG_WARN_ENUM_CONVERSION = YES;
				CLANG_WARN_INT_CONVERSION = YES;
				CLANG_WARN_OBJC_ROOT_CLASS = YES_ERROR;
				CLANG_WARN_UNREACHABLE_CODE = YES;
				CLANG_WARN__DUPLICATE_METHOD_MATCH = YES;
				"CODE_SIGN_IDENTITY[sdk=iphoneos*]" = "iPhone Developer";
				COPY_PHASE_STRIP = NO;
				DEBUG_INFORMATION_FORMAT = dwarf;
				ENABLE_STRICT_OBJC_MSGSEND = YES;
				ENABLE_TESTABILITY = YES;
				GCC_C_LANGUAGE_STANDARD = gnu99;
				GCC_DYNAMIC_NO_PIC = NO;
				GCC_NO_COMMON_BLOCKS = YES;
				GCC_OPTIMIZATION_LEVEL = 0;
				GCC_PREPROCESSOR_DEFINITIONS = (
					"DEBUG=1",
					"$(inherited)",
				);
				GCC_WARN_64_TO_32_BIT_CONVERSION = YES;
				GCC_WARN_ABOUT_RETURN_TYPE = YES_ERROR;
				GCC_WARN_UNDECLARED_SELECTOR = YES;
				GCC_WARN_UNINITIALIZED_AUTOS = YES_AGGRESSIVE;
				GCC_WARN_UNUSED_FUNCTION = YES;
				GCC_WARN_UNUSED_VARIABLE = YES;
				IPHONEOS_DEPLOYMENT_TARGET = 9.1;
				MTL_ENABLE_DEBUG_INFO = YES;
				ONLY_ACTIVE_ARCH = YES;
				SDKROOT = iphoneos;
				SWIFT_OPTIMIZATION_LEVEL = "-Onone";
				TARGETED_DEVICE_FAMILY = "1,2";
			};
			name = Debug;
		};
		63859C2D1BE893CF00367460 /* Release */ = {
			isa = XCBuildConfiguration;
			buildSettings = {
				ALWAYS_SEARCH_USER_PATHS = NO;
				CLANG_CXX_LANGUAGE_STANDARD = "gnu++0x";
				CLANG_CXX_LIBRARY = "libc++";
				CLANG_ENABLE_MODULES = YES;
				CLANG_ENABLE_OBJC_ARC = YES;
				CLANG_WARN_BOOL_CONVERSION = YES;
				CLANG_WARN_CONSTANT_CONVERSION = YES;
				CLANG_WARN_DIRECT_OBJC_ISA_USAGE = YES_ERROR;
				CLANG_WARN_EMPTY_BODY = YES;
				CLANG_WARN_ENUM_CONVERSION = YES;
				CLANG_WARN_INT_CONVERSION = YES;
				CLANG_WARN_OBJC_ROOT_CLASS = YES_ERROR;
				CLANG_WARN_UNREACHABLE_CODE = YES;
				CLANG_WARN__DUPLICATE_METHOD_MATCH = YES;
				"CODE_SIGN_IDENTITY[sdk=iphoneos*]" = "iPhone Developer";
				COPY_PHASE_STRIP = NO;
				DEBUG_INFORMATION_FORMAT = "dwarf-with-dsym";
				ENABLE_NS_ASSERTIONS = NO;
				ENABLE_STRICT_OBJC_MSGSEND = YES;
				GCC_C_LANGUAGE_STANDARD = gnu99;
				GCC_NO_COMMON_BLOCKS = YES;
				GCC_WARN_64_TO_32_BIT_CONVERSION = YES;
				GCC_WARN_ABOUT_RETURN_TYPE = YES_ERROR;
				GCC_WARN_UNDECLARED_SELECTOR = YES;
				GCC_WARN_UNINITIALIZED_AUTOS = YES_AGGRESSIVE;
				GCC_WARN_UNUSED_FUNCTION = YES;
				GCC_WARN_UNUSED_VARIABLE = YES;
				IPHONEOS_DEPLOYMENT_TARGET = 9.1;
				MTL_ENABLE_DEBUG_INFO = NO;
				SDKROOT = iphoneos;
				TARGETED_DEVICE_FAMILY = "1,2";
				VALIDATE_PRODUCT = YES;
			};
			name = Release;
		};
		63859C2F1BE893CF00367460 /* Debug */ = {
			isa = XCBuildConfiguration;
			buildSettings = {
				ASSETCATALOG_COMPILER_APPICON_NAME = AppIcon;
				INFOPLIST_FILE = Protractor/Info.plist;
				LD_RUNPATH_SEARCH_PATHS = "$(inherited) @executable_path/Frameworks";
				PRODUCT_BUNDLE_IDENTIFIER = pongosoft.Protractor;
				PRODUCT_NAME = "$(TARGET_NAME)";
			};
			name = Debug;
		};
		63859C301BE893CF00367460 /* Release */ = {
			isa = XCBuildConfiguration;
			buildSettings = {
				ASSETCATALOG_COMPILER_APPICON_NAME = AppIcon;
				INFOPLIST_FILE = Protractor/Info.plist;
				LD_RUNPATH_SEARCH_PATHS = "$(inherited) @executable_path/Frameworks";
				PRODUCT_BUNDLE_IDENTIFIER = pongosoft.Protractor;
				PRODUCT_NAME = "$(TARGET_NAME)";
			};
			name = Release;
		};
/* End XCBuildConfiguration section */

/* Begin XCConfigurationList section */
		63859C171BE893CF00367460 /* Build configuration list for PBXProject "Protractor" */ = {
			isa = XCConfigurationList;
			buildConfigurations = (
				63859C2C1BE893CF00367460 /* Debug */,
				63859C2D1BE893CF00367460 /* Release */,
			);
			defaultConfigurationIsVisible = 0;
			defaultConfigurationName = Release;
		};
		63859C2E1BE893CF00367460 /* Build configuration list for PBXNativeTarget "Protractor" */ = {
			isa = XCConfigurationList;
			buildConfigurations = (
				63859C2F1BE893CF00367460 /* Debug */,
				63859C301BE893CF00367460 /* Release */,
			);
			defaultConfigurationIsVisible = 0;
		};
/* End XCConfigurationList section */
	};
	rootObject = 63859C141BE893CF00367460 /* Project object */;
}
