// !$*UTF8*$!
{
	archiveVersion = 1;
	classes = {
	};
	objectVersion = 46;
	objects = {

/* Begin PBXBuildFile section */
		6305A63D1C76E30800D65893 /* ShopViewController.swift in Sources */ = {isa = PBXBuildFile; fileRef = 6305A63C1C76E30800D65893 /* ShopViewController.swift */; };
		6363EF151BE9DBB600D7BC01 /* OneEightyViewController.swift in Sources */ = {isa = PBXBuildFile; fileRef = 6363EF141BE9DBB600D7BC01 /* OneEightyViewController.swift */; };
		6363EF171BE9DBFD00D7BC01 /* ThreeSixtyViewController.swift in Sources */ = {isa = PBXBuildFile; fileRef = 6363EF161BE9DBFD00D7BC01 /* ThreeSixtyViewController.swift */; };
		63673C301BF0F2B2002B31CF /* OneFingerRotationGesture.swift in Sources */ = {isa = PBXBuildFile; fileRef = 63673C2F1BF0F2B2002B31CF /* OneFingerRotationGesture.swift */; };
		63673C321BF0F2F8002B31CF /* AngleView.swift in Sources */ = {isa = PBXBuildFile; fileRef = 63673C311BF0F2F8002B31CF /* AngleView.swift */; };
		6370E3DF1BF3117900FD7C4D /* AngleView180.swift in Sources */ = {isa = PBXBuildFile; fileRef = 6370E3DE1BF3117900FD7C4D /* AngleView180.swift */; };
		637601C61C3B91FF009891BE /* SettingsViewController.swift in Sources */ = {isa = PBXBuildFile; fileRef = 637601C51C3B91FF009891BE /* SettingsViewController.swift */; };
		637692F71C3E3F8200CD6B31 /* Settings.plist in Resources */ = {isa = PBXBuildFile; fileRef = 637692F61C3E3F8200CD6B31 /* Settings.plist */; };
		638584511C578CDA00C4D55A /* AngleType.swift in Sources */ = {isa = PBXBuildFile; fileRef = 638584501C578CDA00C4D55A /* AngleType.swift */; };
		63859C201BE893CF00367460 /* AppDelegate.swift in Sources */ = {isa = PBXBuildFile; fileRef = 63859C1F1BE893CF00367460 /* AppDelegate.swift */; };
		63859C251BE893CF00367460 /* Main.storyboard in Resources */ = {isa = PBXBuildFile; fileRef = 63859C231BE893CF00367460 /* Main.storyboard */; };
		63859C271BE893CF00367460 /* Assets.xcassets in Resources */ = {isa = PBXBuildFile; fileRef = 63859C261BE893CF00367460 /* Assets.xcassets */; };
		63859C2A1BE893CF00367460 /* LaunchScreen.storyboard in Resources */ = {isa = PBXBuildFile; fileRef = 63859C281BE893CF00367460 /* LaunchScreen.storyboard */; };
		63859C321BE894CB00367460 /* NavigationViewController.swift in Sources */ = {isa = PBXBuildFile; fileRef = 63859C311BE894CB00367460 /* NavigationViewController.swift */; };
		63990F551C42276E00D043B6 /* KeyPadViewController.swift in Sources */ = {isa = PBXBuildFile; fileRef = 63990F541C42276E00D043B6 /* KeyPadViewController.swift */; };
		63CD749C1C72DCE2004D7DFC /* StoreKit.framework in Frameworks */ = {isa = PBXBuildFile; fileRef = 63CD749B1C72DCE2004D7DFC /* StoreKit.framework */; };
/* End PBXBuildFile section */

/* Begin PBXFileReference section */
		6305A63C1C76E30800D65893 /* ShopViewController.swift */ = {isa = PBXFileReference; fileEncoding = 4; lastKnownFileType = sourcecode.swift; path = ShopViewController.swift; sourceTree = "<group>"; };
		6363EF141BE9DBB600D7BC01 /* OneEightyViewController.swift */ = {isa = PBXFileReference; fileEncoding = 4; lastKnownFileType = sourcecode.swift; path = OneEightyViewController.swift; sourceTree = "<group>"; };
		6363EF161BE9DBFD00D7BC01 /* ThreeSixtyViewController.swift */ = {isa = PBXFileReference; fileEncoding = 4; lastKnownFileType = sourcecode.swift; path = ThreeSixtyViewController.swift; sourceTree = "<group>"; };
		63673C2F1BF0F2B2002B31CF /* OneFingerRotationGesture.swift */ = {isa = PBXFileReference; fileEncoding = 4; lastKnownFileType = sourcecode.swift; path = OneFingerRotationGesture.swift; sourceTree = "<group>"; };
		63673C311BF0F2F8002B31CF /* AngleView.swift */ = {isa = PBXFileReference; fileEncoding = 4; lastKnownFileType = sourcecode.swift; path = AngleView.swift; sourceTree = "<group>"; };
		6370E3DE1BF3117900FD7C4D /* AngleView180.swift */ = {isa = PBXFileReference; fileEncoding = 4; lastKnownFileType = sourcecode.swift; path = AngleView180.swift; sourceTree = "<group>"; };
		637601C51C3B91FF009891BE /* SettingsViewController.swift */ = {isa = PBXFileReference; fileEncoding = 4; lastKnownFileType = sourcecode.swift; path = SettingsViewController.swift; sourceTree = "<group>"; };
		637692F61C3E3F8200CD6B31 /* Settings.plist */ = {isa = PBXFileReference; fileEncoding = 4; lastKnownFileType = text.plist.xml; path = Settings.plist; sourceTree = "<group>"; };
		638584501C578CDA00C4D55A /* AngleType.swift */ = {isa = PBXFileReference; fileEncoding = 4; lastKnownFileType = sourcecode.swift; path = AngleType.swift; sourceTree = "<group>"; };
		63859C1C1BE893CF00367460 /* Protractor.app */ = {isa = PBXFileReference; explicitFileType = wrapper.application; includeInIndex = 0; path = Protractor.app; sourceTree = BUILT_PRODUCTS_DIR; };
		63859C1F1BE893CF00367460 /* AppDelegate.swift */ = {isa = PBXFileReference; lastKnownFileType = sourcecode.swift; path = AppDelegate.swift; sourceTree = "<group>"; };
		63859C241BE893CF00367460 /* Base */ = {isa = PBXFileReference; lastKnownFileType = file.storyboard; name = Base; path = Base.lproj/Main.storyboard; sourceTree = "<group>"; };
		63859C261BE893CF00367460 /* Assets.xcassets */ = {isa = PBXFileReference; lastKnownFileType = folder.assetcatalog; path = Assets.xcassets; sourceTree = "<group>"; };
		63859C291BE893CF00367460 /* Base */ = {isa = PBXFileReference; lastKnownFileType = file.storyboard; name = Base; path = Base.lproj/LaunchScreen.storyboard; sourceTree = "<group>"; };
		63859C2B1BE893CF00367460 /* Info.plist */ = {isa = PBXFileReference; lastKnownFileType = text.plist.xml; path = Info.plist; sourceTree = "<group>"; };
		63859C311BE894CB00367460 /* NavigationViewController.swift */ = {isa = PBXFileReference; fileEncoding = 4; lastKnownFileType = sourcecode.swift; path = NavigationViewController.swift; sourceTree = "<group>"; };
		63990F541C42276E00D043B6 /* KeyPadViewController.swift */ = {isa = PBXFileReference; fileEncoding = 4; lastKnownFileType = sourcecode.swift; path = KeyPadViewController.swift; sourceTree = "<group>"; };
		63CD749B1C72DCE2004D7DFC /* StoreKit.framework */ = {isa = PBXFileReference; lastKnownFileType = wrapper.framework; name = StoreKit.framework; path = System/Library/Frameworks/StoreKit.framework; sourceTree = SDKROOT; };
/* End PBXFileReference section */

/* Begin PBXFrameworksBuildPhase section */
		63859C191BE893CF00367460 /* Frameworks */ = {
			isa = PBXFrameworksBuildPhase;
			buildActionMask = 2147483647;
			files = (
				63CD749C1C72DCE2004D7DFC /* StoreKit.framework in Frameworks */,
			);
			runOnlyForDeploymentPostprocessing = 0;
		};
/* End PBXFrameworksBuildPhase section */

/* Begin PBXGroup section */
		63859C131BE893CF00367460 = {
			isa = PBXGroup;
			children = (
				63CD749B1C72DCE2004D7DFC /* StoreKit.framework */,
				63859C1E1BE893CF00367460 /* Protractor */,
				63859C1D1BE893CF00367460 /* Products */,
			);
			sourceTree = "<group>";
		};
		63859C1D1BE893CF00367460 /* Products */ = {
			isa = PBXGroup;
			children = (
				63859C1C1BE893CF00367460 /* Protractor.app */,
			);
			name = Products;
			sourceTree = "<group>";
		};
		63859C1E1BE893CF00367460 /* Protractor */ = {
			isa = PBXGroup;
			children = (
				63859C1F1BE893CF00367460 /* AppDelegate.swift */,
				63859C231BE893CF00367460 /* Main.storyboard */,
				637692F61C3E3F8200CD6B31 /* Settings.plist */,
				6370E3DE1BF3117900FD7C4D /* AngleView180.swift */,
				63673C2F1BF0F2B2002B31CF /* OneFingerRotationGesture.swift */,
				63859C311BE894CB00367460 /* NavigationViewController.swift */,
				6305A63C1C76E30800D65893 /* ShopViewController.swift */,
				63673C311BF0F2F8002B31CF /* AngleView.swift */,
				6363EF141BE9DBB600D7BC01 /* OneEightyViewController.swift */,
				6363EF161BE9DBFD00D7BC01 /* ThreeSixtyViewController.swift */,
				63859C261BE893CF00367460 /* Assets.xcassets */,
				63859C281BE893CF00367460 /* LaunchScreen.storyboard */,
				63859C2B1BE893CF00367460 /* Info.plist */,
				637601C51C3B91FF009891BE /* SettingsViewController.swift */,
				63990F541C42276E00D043B6 /* KeyPadViewController.swift */,
				638584501C578CDA00C4D55A /* AngleType.swift */,
			);
			path = Protractor;
			sourceTree = "<group>";
		};
/* End PBXGroup section */

/* Begin PBXNativeTarget section */
		63859C1B1BE893CF00367460 /* Protractor */ = {
			isa = PBXNativeTarget;
			buildConfigurationList = 63859C2E1BE893CF00367460 /* Build configuration list for PBXNativeTarget "Protractor" */;
			buildPhases = (
				63859C181BE893CF00367460 /* Sources */,
				63859C191BE893CF00367460 /* Frameworks */,
				63859C1A1BE893CF00367460 /* Resources */,
			);
			buildRules = (
			);
			dependencies = (
			);
			name = Protractor;
			productName = Protractor;
			productReference = 63859C1C1BE893CF00367460 /* Protractor.app */;
			productType = "com.apple.product-type.application";
		};
/* End PBXNativeTarget section */

/* Begin PBXProject section */
		63859C141BE893CF00367460 /* Project object */ = {
			isa = PBXProject;
			attributes = {
				LastSwiftUpdateCheck = 0710;
				LastUpgradeCheck = 0710;
				ORGANIZATIONNAME = "Peter Pomlett";
				TargetAttributes = {
					63859C1B1BE893CF00367460 = {
						CreatedOnToolsVersion = 7.1;
						DevelopmentTeam = Z4YXE63R92;
						SystemCapabilities = {
							com.apple.InAppPurchase = {
								enabled = 1;
							};
						};
					};
				};
			};
			buildConfigurationList = 63859C171BE893CF00367460 /* Build configuration list for PBXProject "Protractor" */;
			compatibilityVersion = "Xcode 3.2";
			developmentRegion = English;
			hasScannedForEncodings = 0;
			knownRegions = (
				en,
				Base,
			);
			mainGroup = 63859C131BE893CF00367460;
			productRefGroup = 63859C1D1BE893CF00367460 /* Products */;
			projectDirPath = "";
			projectRoot = "";
			targets = (
				63859C1B1BE893CF00367460 /* Protractor */,
			);
		};
/* End PBXProject section */

/* Begin PBXResourcesBuildPhase section */
		63859C1A1BE893CF00367460 /* Resources */ = {
			isa = PBXResourcesBuildPhase;
			buildActionMask = 2147483647;
			files = (
				63859C2A1BE893CF00367460 /* LaunchScreen.storyboard in Resources */,
				637692F71C3E3F8200CD6B31 /* Settings.plist in Resources */,
				63859C271BE893CF00367460 /* Assets.xcassets in Resources */,
				63859C251BE893CF00367460 /* Main.storyboard in Resources */,
			);
			runOnlyForDeploymentPostprocessing = 0;
		};
/* End PBXResourcesBuildPhase section */

/* Begin PBXSourcesBuildPhase section */
		63859C181BE893CF00367460 /* Sources */ = {
			isa = PBXSourcesBuildPhase;
			buildActionMask = 2147483647;
			files = (
				6363EF151BE9DBB600D7BC01 /* OneEightyViewController.swift in Sources */,
				6363EF171BE9DBFD00D7BC01 /* ThreeSixtyViewController.swift in Sources */,
				6305A63D1C76E30800D65893 /* ShopViewController.swift in Sources */,
				63673C321BF0F2F8002B31CF /* AngleView.swift in Sources */,
				6370E3DF1BF3117900FD7C4D /* AngleView180.swift in Sources */,
				63673C301BF0F2B2002B31CF /* OneFingerRotationGesture.swift in Sources */,
				638584511C578CDA00C4D55A /* AngleType.swift in Sources */,
				63859C321BE894CB00367460 /* NavigationViewController.swift in Sources */,
				63990F551C42276E00D043B6 /* KeyPadViewController.swift in Sources */,
				63859C201BE893CF00367460 /* AppDelegate.swift in Sources */,
				637601C61C3B91FF009891BE /* SettingsViewController.swift in Sources */,
			);
			runOnlyForDeploymentPostprocessing = 0;
		};
/* End PBXSourcesBuildPhase section */

/* Begin PBXVariantGroup section */
		63859C231BE893CF00367460 /* Main.storyboard */ = {
			isa = PBXVariantGroup;
			children = (
				63859C241BE893CF00367460 /* Base */,
			);
			name = Main.storyboard;
			sourceTree = "<group>";
		};
		63859C281BE893CF00367460 /* LaunchScreen.storyboard */ = {
			isa = PBXVariantGroup;
			children = (
				63859C291BE893CF00367460 /* Base */,
			);
			name = LaunchScreen.storyboard;
			sourceTree = "<group>";
		};
/* End PBXVariantGroup section */

/* Begin XCBuildConfiguration section */
		63859C2C1BE893CF00367460 /* Debug */ = {
			isa = XCBuildConfiguration;
			buildSettings = {
				ALWAYS_SEARCH_USER_PATHS = NO;
				CLANG_CXX_LANGUAGE_STANDARD = "gnu++0x";
				CLANG_CXX_LIBRARY = "libc++";
				CLANG_ENABLE_MODULES = YES;
				CLANG_ENABLE_OBJC_ARC = YES;
				CLANG_WARN_BOOL_CONVERSION = YES;
				CLANG_WARN_CONSTANT_CONVERSION = YES;
				CLANG_WARN_DIRECT_OBJC_ISA_USAGE = YES_ERROR;
				CLANG_WARN_EMPTY_BODY = YES;
				CLANG_WARN_ENUM_CONVERSION = YES;
				CLANG_WARN_INT_CONVERSION = YES;
				CLANG_WARN_OBJC_ROOT_CLASS = YES_ERROR;
				CLANG_WARN_UNREACHABLE_CODE = YES;
				CLANG_WARN__DUPLICATE_METHOD_MATCH = YES;
				"CODE_SIGN_IDENTITY[sdk=iphoneos*]" = "iPhone Developer";
				COPY_PHASE_STRIP = NO;
				DEBUG_INFORMATION_FORMAT = dwarf;
				ENABLE_STRICT_OBJC_MSGSEND = YES;
				ENABLE_TESTABILITY = YES;
				GCC_C_LANGUAGE_STANDARD = gnu99;
				GCC_DYNAMIC_NO_PIC = NO;
				GCC_NO_COMMON_BLOCKS = YES;
				GCC_OPTIMIZATION_LEVEL = 0;
				GCC_PREPROCESSOR_DEFINITIONS = (
					"DEBUG=1",
					"$(inherited)",
				);
				GCC_WARN_64_TO_32_BIT_CONVERSION = YES;
				GCC_WARN_ABOUT_RETURN_TYPE = YES_ERROR;
				GCC_WARN_UNDECLARED_SELECTOR = YES;
				GCC_WARN_UNINITIALIZED_AUTOS = YES_AGGRESSIVE;
				GCC_WARN_UNUSED_FUNCTION = YES;
				GCC_WARN_UNUSED_VARIABLE = YES;
				IPHONEOS_DEPLOYMENT_TARGET = 9.1;
				MTL_ENABLE_DEBUG_INFO = YES;
				ONLY_ACTIVE_ARCH = YES;
				SDKROOT = iphoneos;
				SWIFT_OPTIMIZATION_LEVEL = "-Onone";
				TARGETED_DEVICE_FAMILY = "1,2";
			};
			name = Debug;
		};
		63859C2D1BE893CF00367460 /* Release */ = {
			isa = XCBuildConfiguration;
			buildSettings = {
				ALWAYS_SEARCH_USER_PATHS = NO;
				CLANG_CXX_LANGUAGE_STANDARD = "gnu++0x";
				CLANG_CXX_LIBRARY = "libc++";
				CLANG_ENABLE_MODULES = YES;
				CLANG_ENABLE_OBJC_ARC = YES;
				CLANG_WARN_BOOL_CONVERSION = YES;
				CLANG_WARN_CONSTANT_CONVERSION = YES;
				CLANG_WARN_DIRECT_OBJC_ISA_USAGE = YES_ERROR;
				CLANG_WARN_EMPTY_BODY = YES;
				CLANG_WARN_ENUM_CONVERSION = YES;
				CLANG_WARN_INT_CONVERSION = YES;
				CLANG_WARN_OBJC_ROOT_CLASS = YES_ERROR;
				CLANG_WARN_UNREACHABLE_CODE = YES;
				CLANG_WARN__DUPLICATE_METHOD_MATCH = YES;
				"CODE_SIGN_IDENTITY[sdk=iphoneos*]" = "iPhone Developer";
				COPY_PHASE_STRIP = NO;
				DEBUG_INFORMATION_FORMAT = "dwarf-with-dsym";
				ENABLE_NS_ASSERTIONS = NO;
				ENABLE_STRICT_OBJC_MSGSEND = YES;
				GCC_C_LANGUAGE_STANDARD = gnu99;
				GCC_NO_COMMON_BLOCKS = YES;
				GCC_WARN_64_TO_32_BIT_CONVERSION = YES;
				GCC_WARN_ABOUT_RETURN_TYPE = YES_ERROR;
				GCC_WARN_UNDECLARED_SELECTOR = YES;
				GCC_WARN_UNINITIALIZED_AUTOS = YES_AGGRESSIVE;
				GCC_WARN_UNUSED_FUNCTION = YES;
				GCC_WARN_UNUSED_VARIABLE = YES;
				IPHONEOS_DEPLOYMENT_TARGET = 9.1;
				MTL_ENABLE_DEBUG_INFO = NO;
				SDKROOT = iphoneos;
				TARGETED_DEVICE_FAMILY = "1,2";
				VALIDATE_PRODUCT = YES;
			};
			name = Release;
		};
		63859C2F1BE893CF00367460 /* Debug */ = {
			isa = XCBuildConfiguration;
			buildSettings = {
				ASSETCATALOG_COMPILER_APPICON_NAME = AppIcon;
				CODE_SIGN_IDENTITY = "iPhone Developer";
				"CODE_SIGN_IDENTITY[sdk=iphoneos*]" = "iPhone Developer";
				INFOPLIST_FILE = Protractor/Info.plist;
				LD_RUNPATH_SEARCH_PATHS = "$(inherited) @executable_path/Frameworks";
				PRODUCT_BUNDLE_IDENTIFIER = uk.co.pongosoft.Protractor;
				PRODUCT_NAME = "$(TARGET_NAME)";
				PROVISIONING_PROFILE = "";
				TARGETED_DEVICE_FAMILY = "1,2";
			};
			name = Debug;
		};
		63859C301BE893CF00367460 /* Release */ = {
			isa = XCBuildConfiguration;
			buildSettings = {
				ASSETCATALOG_COMPILER_APPICON_NAME = AppIcon;
				CODE_SIGN_IDENTITY = "iPhone Developer";
				"CODE_SIGN_IDENTITY[sdk=iphoneos*]" = "iPhone Developer";
				INFOPLIST_FILE = Protractor/Info.plist;
				LD_RUNPATH_SEARCH_PATHS = "$(inherited) @executable_path/Frameworks";
				PRODUCT_BUNDLE_IDENTIFIER = uk.co.pongosoft.Protractor;
				PRODUCT_NAME = "$(TARGET_NAME)";
				PROVISIONING_PROFILE = "";
				TARGETED_DEVICE_FAMILY = "1,2";
			};
			name = Release;
		};
/* End XCBuildConfiguration section */

/* Begin XCConfigurationList section */
		63859C171BE893CF00367460 /* Build configuration list for PBXProject "Protractor" */ = {
			isa = XCConfigurationList;
			buildConfigurations = (
				63859C2C1BE893CF00367460 /* Debug */,
				63859C2D1BE893CF00367460 /* Release */,
			);
			defaultConfigurationIsVisible = 0;
			defaultConfigurationName = Release;
		};
		63859C2E1BE893CF00367460 /* Build configuration list for PBXNativeTarget "Protractor" */ = {
			isa = XCConfigurationList;
			buildConfigurations = (
				63859C2F1BE893CF00367460 /* Debug */,
				63859C301BE893CF00367460 /* Release */,
			);
			defaultConfigurationIsVisible = 0;
			defaultConfigurationName = Release;
		};
/* End XCConfigurationList section */
	};
	rootObject = 63859C141BE893CF00367460 /* Project object */;
}
